# THIS IS AN AUTOGENERATED FILE. DO NOT EDIT THIS FILE DIRECTLY.
# yarn lockfile v1


agent-base@6:
  version "6.0.2"
  resolved "https://pkg.lavireo.com/agent-base/-/agent-base-6.0.2.tgz#49fff58577cfee3f37176feab4c22e00f86d7f77"
  integrity sha512-RZNwNclF7+MS/8bDg70amg32dyeZGZxiDuQmZxKLAlQjr3jGyLx+4Kkk58UO7D2QdgFIQCovuSuZESne6RG6XQ==
  dependencies:
    debug "4"

axios@^0.21.1:
  version "0.21.1"
  resolved "https://pkg.lavireo.com/axios/-/axios-0.21.1.tgz#22563481962f4d6bde9a76d516ef0e5d3c09b2b8"
  integrity sha512-dKQiRHxGD9PPRIUNIWvZhPTPpl1rf/OxTYKsqKUDjBwYylTvV7SjSHJb9ratfyzM6wCdLCOYLzs73qpg5c4iGA==
  dependencies:
    follow-redirects "^1.10.0"

boolbase@^1.0.0:
  version "1.0.0"
  resolved "https://pkg.lavireo.com/boolbase/-/boolbase-1.0.0.tgz#68dff5fbe60c51eb37725ea9e3ed310dcc1e776e"
  integrity sha1-aN/1++YMUes3cl6p4+0xDcwed24=

cheerio-select-tmp@^0.1.0:
  version "0.1.1"
  resolved "https://pkg.lavireo.com/cheerio-select-tmp/-/cheerio-select-tmp-0.1.1.tgz#55bbef02a4771710195ad736d5e346763ca4e646"
  integrity sha512-YYs5JvbpU19VYJyj+F7oYrIE2BOll1/hRU7rEy/5+v9BzkSo3bK81iAeeQEMI92vRIxz677m72UmJUiVwwgjfQ==
  dependencies:
    css-select "^3.1.2"
    css-what "^4.0.0"
    domelementtype "^2.1.0"
    domhandler "^4.0.0"
    domutils "^2.4.4"

cheerio@^1.0.0-rc.5:
  version "1.0.0-rc.5"
  resolved "https://pkg.lavireo.com/cheerio/-/cheerio-1.0.0-rc.5.tgz#88907e1828674e8f9fee375188b27dadd4f0fa2f"
  integrity sha512-yoqps/VCaZgN4pfXtenwHROTp8NG6/Hlt4Jpz2FEP0ZJQ+ZUkVDd0hAPDNKhj3nakpfPt/CNs57yEtxD1bXQiw==
  dependencies:
    cheerio-select-tmp "^0.1.0"
    dom-serializer "~1.2.0"
    domhandler "^4.0.0"
    entities "~2.1.0"
    htmlparser2 "^6.0.0"
    parse5 "^6.0.0"
    parse5-htmlparser2-tree-adapter "^6.0.0"

commander@^7.2.0:
  version "7.2.0"
  resolved "https://pkg.lavireo.com/commander/-/commander-7.2.0.tgz#a36cb57d0b501ce108e4d20559a150a391d97ab7"
  integrity sha512-QrWXB+ZQSVPmIWIhtEO9H+gwHaMGYiF5ChvoJ+K9ZGHG/sVsa6yiesAD1GC/x46sET00Xlwo1u49RVVVzvcSkw==

css-select@^3.1.2:
  version "3.1.2"
  resolved "https://pkg.lavireo.com/css-select/-/css-select-3.1.2.tgz#d52cbdc6fee379fba97fb0d3925abbd18af2d9d8"
  integrity sha512-qmss1EihSuBNWNNhHjxzxSfJoFBM/lERB/Q4EnsJQQC62R2evJDW481091oAdOr9uh46/0n4nrg0It5cAnj1RA==
  dependencies:
    boolbase "^1.0.0"
    css-what "^4.0.0"
    domhandler "^4.0.0"
    domutils "^2.4.3"
    nth-check "^2.0.0"

css-what@^4.0.0:
  version "4.0.0"
  resolved "https://pkg.lavireo.com/css-what/-/css-what-4.0.0.tgz#35e73761cab2eeb3d3661126b23d7aa0e8432233"
  integrity sha512-teijzG7kwYfNVsUh2H/YN62xW3KK9YhXEgSlbxMlcyjPNvdKJqFx5lrwlJgoFP1ZHlB89iGDlo/JyshKeRhv5A==

debug@4:
  version "4.3.1"
  resolved "https://pkg.lavireo.com/debug/-/debug-4.3.1.tgz#f0d229c505e0c6d8c49ac553d1b13dc183f6b2ee"
  integrity sha512-doEwdvm4PCeK4K3RQN2ZC2BYUBaxwLARCqZmMjtF8a51J2Rb0xpVloFRnCODwqjpwnAoao4pelN8l3RJdv3gRQ==
  dependencies:
    ms "2.1.2"

detect-indent@~6.0.0:
  version "6.0.0"
  resolved "https://pkg.lavireo.com/detect-indent/-/detect-indent-6.0.0.tgz#0abd0f549f69fc6659a254fe96786186b6f528fd"
  integrity sha512-oSyFlqaTHCItVRGK5RmrmjB+CmaMOW7IaNA/kdxqhoa6d17j/5ce9O9eWXmV/KEdRwqpQA+Vqe8a8Bsybu4YnA==

docopt@~0.6.2:
  version "0.6.2"
  resolved "https://pkg.lavireo.com/docopt/-/docopt-0.6.2.tgz#b28e9e2220da5ec49f7ea5bb24a47787405eeb11"
  integrity sha1-so6eIiDaXsSffqW7JKR3h0Be6xE=

dom-serializer@^1.0.1, dom-serializer@~1.2.0:
  version "1.2.0"
  resolved "https://pkg.lavireo.com/dom-serializer/-/dom-serializer-1.2.0.tgz#3433d9136aeb3c627981daa385fc7f32d27c48f1"
  integrity sha512-n6kZFH/KlCrqs/1GHMOd5i2fd/beQHuehKdWvNNffbGHTr/almdhuVvTVFb3V7fglz+nC50fFusu3lY33h12pA==
  dependencies:
    domelementtype "^2.0.1"
    domhandler "^4.0.0"
    entities "^2.0.0"

domelementtype@^2.0.1, domelementtype@^2.1.0:
  version "2.1.0"
  resolved "https://pkg.lavireo.com/domelementtype/-/domelementtype-2.1.0.tgz#a851c080a6d1c3d94344aed151d99f669edf585e"
  integrity sha512-LsTgx/L5VpD+Q8lmsXSHW2WpA+eBlZ9HPf3erD1IoPF00/3JKHZ3BknUVA2QGDNu69ZNmyFmCWBSO45XjYKC5w==

domhandler@^4.0.0:
  version "4.0.0"
  resolved "https://pkg.lavireo.com/domhandler/-/domhandler-4.0.0.tgz#01ea7821de996d85f69029e81fa873c21833098e"
  integrity sha512-KPTbnGQ1JeEMQyO1iYXoagsI6so/C96HZiFyByU3T6iAzpXn8EGEvct6unm1ZGoed8ByO2oirxgwxBmqKF9haA==
  dependencies:
    domelementtype "^2.1.0"

domutils@^2.4.3, domutils@^2.4.4:
  version "2.5.0"
  resolved "https://pkg.lavireo.com/domutils/-/domutils-2.5.0.tgz#42f49cffdabb92ad243278b331fd761c1c2d3039"
  integrity sha512-Ho16rzNMOFk2fPwChGh3D2D9OEHAfG19HgmRR2l+WLSsIstNsAYBzePH412bL0y5T44ejABIVfTHQ8nqi/tBCg==
  dependencies:
    dom-serializer "^1.0.1"
    domelementtype "^2.0.1"
    domhandler "^4.0.0"

dot-json@^1.2.2:
  version "1.2.2"
  resolved "https://pkg.lavireo.com/dot-json/-/dot-json-1.2.2.tgz#7d35abece4aa22aa75a761388953f98495401bcc"
  integrity sha512-AKL+GsO4wSEU4LU+fAk/PqN4nQ6PB1vT3HpMiZous9xCzK5S0kh4DzfUY0EfU67jsIXLlu0ty71659N9Nmg+Tw==
  dependencies:
    detect-indent "~6.0.0"
    docopt "~0.6.2"
    underscore-keypath "~0.0.22"

entities@^2.0.0:
  version "2.2.0"
  resolved "https://pkg.lavireo.com/entities/-/entities-2.2.0.tgz#098dc90ebb83d8dffa089d55256b351d34c4da55"
  integrity sha512-p92if5Nz619I0w+akJrLZH0MX0Pb5DX39XOwQTtXSdQQOaYH03S1uIQp4mhOZtAXrxq4ViO67YTiLBo2638o9A==

entities@~2.1.0:
  version "2.1.0"
  resolved "https://pkg.lavireo.com/entities/-/entities-2.1.0.tgz#992d3129cf7df6870b96c57858c249a120f8b8b5"
  integrity sha512-hCx1oky9PFrJ611mf0ifBLBRW8lUUVRlFolb5gWRfIELabBlbp9xZvrqZLZAs+NxFnbfQoeGd8wDkygjg7U85w==

follow-redirects@^1.10.0:
  version "1.13.3"
  resolved "https://pkg.lavireo.com/follow-redirects/-/follow-redirects-1.13.3.tgz#e5598ad50174c1bc4e872301e82ac2cd97f90267"
  integrity sha512-DUgl6+HDzB0iEptNQEXLx/KhTmDb8tZUHSeLqpnjpknR70H0nC2t9N73BK6fN4hOvJ84pKlIQVQ4k5FFlBedKA==

htmlparser2@^6.0.0:
  version "6.0.1"
  resolved "https://pkg.lavireo.com/htmlparser2/-/htmlparser2-6.0.1.tgz#422521231ef6d42e56bd411da8ba40aa36e91446"
  integrity sha512-GDKPd+vk4jvSuvCbyuzx/unmXkk090Azec7LovXP8as1Hn8q9p3hbjmDGbUqqhknw0ajwit6LiiWqfiTUPMK7w==
  dependencies:
    domelementtype "^2.0.1"
    domhandler "^4.0.0"
    domutils "^2.4.4"
    entities "^2.0.0"

https-proxy-agent@^5.0.0:
  version "5.0.0"
  resolved "https://pkg.lavireo.com/https-proxy-agent/-/https-proxy-agent-5.0.0.tgz#e2a90542abb68a762e0a0850f6c9edadfd8506b2"
  integrity sha512-EkYm5BcKUGiduxzSt3Eppko+PiNWNEpa4ySk9vTC6wDsQJW9rHSa+UhGNJoRYp7bz6Ht1eaRIa6QaJqO5rCFbA==
  dependencies:
    agent-base "6"
    debug "4"

lodash.clonedeep@^4.5.0:
  version "4.5.0"
  resolved "https://pkg.lavireo.com/lodash.clonedeep/-/lodash.clonedeep-4.5.0.tgz#e23f3f9c4f8fbdde872529c1071857a086e5ccef"
  integrity sha1-4j8/nE+Pvd6HJSnBBxhXoIblzO8=

lru-cache@4.1.x:
  version "4.1.5"
  resolved "https://pkg.lavireo.com/lru-cache/-/lru-cache-4.1.5.tgz#8bbe50ea85bed59bc9e33dcab8235ee9bcf443cd"
  integrity sha512-sWZlbEP2OsHNkXrMl5GYk/jKk70MBng6UU4YI/qGDYbgf6YbP4EvmqISbXCoJiRKs+1bSpFHVgQxvJ17F2li5g==
  dependencies:
    pseudomap "^1.0.2"
    yallist "^2.1.2"

minimist@~0.0.1:
  version "0.0.10"
  resolved "https://pkg.lavireo.com/minimist/-/minimist-0.0.10.tgz#de3f98543dbf96082be48ad1a0c7cda836301dcf"
  integrity sha1-3j+YVD2/lggr5IrRoMfNqDYwHc8=

ms@2.1.2:
  version "2.1.2"
  resolved "https://pkg.lavireo.com/ms/-/ms-2.1.2.tgz#d09d1f357b443f493382a8eb3ccd183872ae6009"
  integrity sha512-sGkPx+VjMtmA6MX27oA4FBFELFCZZ4S4XqeGOXCv68tT+jb3vk/RyaKWP0PTKyWtmLSM0b+adUTEvbs1PEaH2w==

node-whois@^2.1.3:
  version "2.1.3"
  resolved "https://pkg.lavireo.com/node-whois/-/node-whois-2.1.3.tgz#3c73784045f78284efc8e54b469ebefd23f55773"
  integrity sha1-PHN4QEX3goTvyOVLRp6+/SP1V3M=
  dependencies:
    optimist "^0.6.1"
    underscore "~1.5.2"

nth-check@^2.0.0:
  version "2.0.0"
  resolved "https://pkg.lavireo.com/nth-check/-/nth-check-2.0.0.tgz#1bb4f6dac70072fc313e8c9cd1417b5074c0a125"
  integrity sha512-i4sc/Kj8htBrAiH1viZ0TgU8Y5XqCaV/FziYK6TBczxmeKm3AEFWqqF3195yKudrarqy7Zu80Ra5dobFjn9X/Q==
  dependencies:
    boolbase "^1.0.0"

optimist@^0.6.1:
  version "0.6.1"
  resolved "https://pkg.lavireo.com/optimist/-/optimist-0.6.1.tgz#da3ea74686fa21a19a111c326e90eb15a0196686"
  integrity sha1-2j6nRob6IaGaERwybpDrFaAZZoY=
  dependencies:
    minimist "~0.0.1"
    wordwrap "~0.0.2"

os-tmpdir@~1.0.2:
  version "1.0.2"
  resolved "https://pkg.lavireo.com/os-tmpdir/-/os-tmpdir-1.0.2.tgz#bbe67406c79aa85c5cfec766fe5734555dfa1274"
  integrity sha1-u+Z0BseaqFxc/sdm/lc0VV36EnQ=

parse5-htmlparser2-tree-adapter@^6.0.0:
  version "6.0.1"
  resolved "https://pkg.lavireo.com/parse5-htmlparser2-tree-adapter/-/parse5-htmlparser2-tree-adapter-6.0.1.tgz#2cdf9ad823321140370d4dbf5d3e92c7c8ddc6e6"
  integrity sha512-qPuWvbLgvDGilKc5BoicRovlT4MtYT6JfJyBOMDsKoiT+GiuP5qyrPCnR9HcPECIJJmZh5jRndyNThnhhb/vlA==
  dependencies:
    parse5 "^6.0.1"

parse5@^6.0.0, parse5@^6.0.1:
  version "6.0.1"
  resolved "https://pkg.lavireo.com/parse5/-/parse5-6.0.1.tgz#e1a1c085c569b3dc08321184f19a39cc27f7c30b"
  integrity sha512-Ofn/CTFzRGTTxwpNEs9PP93gXShHcTq255nzRYSKe8AkVpZY7e1fpmTfOyoIvjP5HG7Z2ZM7VS9PPhQGW2pOpw==

pseudomap@^1.0.2:
  version "1.0.2"
  resolved "https://pkg.lavireo.com/pseudomap/-/pseudomap-1.0.2.tgz#f052a28da70e618917ef0a8ac34c1ae5a68286b3"
  integrity sha1-8FKijacOYYkX7wqKw0wa5aaChrM=

tmp@0.0.x:
  version "0.0.33"
  resolved "https://pkg.lavireo.com/tmp/-/tmp-0.0.33.tgz#6d34335889768d21b2bcda0aa277ced3b1bfadf9"
  integrity sha512-jRCJlojKnZ3addtTOjdIqoRuPEKBvNXcGYqzO6zWZX8KfKEpnGY5jfggJQ3EjKuu8D4bJRr0y+cYJFmYbImXGw==
  dependencies:
    os-tmpdir "~1.0.2"

underscore-keypath@~0.0.22:
  version "0.0.22"
  resolved "https://pkg.lavireo.com/underscore-keypath/-/underscore-keypath-0.0.22.tgz#48a528392bb6efc424be1caa56da4b5faccf264d"
  integrity sha1-SKUoOSu278QkvhyqVtpLX6zPJk0=
  dependencies:
    underscore "*"

underscore@*:
  version "1.12.1"
  resolved "https://pkg.lavireo.com/underscore/-/underscore-1.12.1.tgz#7bb8cc9b3d397e201cf8553336d262544ead829e"
  integrity sha512-hEQt0+ZLDVUMhebKxL4x1BTtDY7bavVofhZ9KZ4aI26X9SRaE+Y3m83XUL1UP2jn8ynjndwCCpEHdUG+9pP1Tw==

underscore@~1.5.2:
  version "1.5.2"
  resolved "https://pkg.lavireo.com/underscore/-/underscore-1.5.2.tgz#1335c5e4f5e6d33bbb4b006ba8c86a00f556de08"
  integrity sha1-EzXF5PXm0zu7SwBrqMhqAPVW3gg=

user-agents@^1.0.599:
  version "1.0.599"
  resolved "https://pkg.lavireo.com/user-agents/-/user-agents-1.0.599.tgz#631f2453d1c308a0f9108607967a186fb87b10cb"
  integrity sha512-Fn9oV21NZEkRqVlKx7LDTmr1/kDyl2iQf++/pMyoa5M4+AbVxpngm06uZMC72iom7Pb8hvmXxhKqp2j7YoYtHw==
  dependencies:
    dot-json "^1.2.2"
    lodash.clonedeep "^4.5.0"

useragent@^2.3.0:
  version "2.3.0"
  resolved "https://pkg.lavireo.com/useragent/-/useragent-2.3.0.tgz#217f943ad540cb2128658ab23fc960f6a88c9972"
  integrity sha512-4AoH4pxuSvHCjqLO04sU6U/uE65BYza8l/KKBS0b0hnUPWi+cQ2BpeTEwejCSx9SPV5/U03nniDTrWx5NrmKdw==
  dependencies:
    lru-cache "4.1.x"
    tmp "0.0.x"

wordwrap@~0.0.2:
  version "0.0.3"
  resolved "https://pkg.lavireo.com/wordwrap/-/wordwrap-0.0.3.tgz#a3d5da6cd5c0bc0008d37234bbaf1bed63059107"
  integrity sha1-o9XabNXAvAAI03I0u68b7WMFkQc=

yallist@^2.1.2:
  version "2.1.2"
  resolved "https://pkg.lavireo.com/yallist/-/yallist-2.1.2.tgz#1c11f9218f076089a47dd512f93c6699a6a81d52"
  integrity sha1-HBH5IY8HYImkfdUS+TxmmaaoHVI=
